
Microsoft Visual Studio Solution File, Format Version 12.00
# Visual Studio 14
VisualStudioVersion = 14.0.25123.0
MinimumVisualStudioVersion = 10.0.40219.1
Project("{2150E333-8FDC-42A3-9474-1A3956D46DE8}") = ".git", ".git", "{29D2DB99-63A5-4AE0-96D9-014B10281488}"
	ProjectSection(SolutionItems) = preProject
		..\.gitignore = ..\.gitignore
	EndProjectSection
EndProject
Project("{2150E333-8FDC-42A3-9474-1A3956D46DE8}") = ".build", ".build", "{790BA1C0-1221-40C8-844C-912024099743}"
	ProjectSection(SolutionItems) = preProject
		..\build.ps1 = ..\build.ps1
	EndProjectSection
EndProject
Project("{FAE04EC0-301F-11D3-BF4B-00C04F79EFBC}") = "Luma.SmartHub", "Luma.SmartHub\Luma.SmartHub.csproj", "{262DA204-7413-4EC9-82A7-F3ECE58DDEB5}"
EndProject
Project("{FAE04EC0-301F-11D3-BF4B-00C04F79EFBC}") = "Luma.SmartHub.Audio", "Luma.SmartHub.Audio\Luma.SmartHub.Audio.csproj", "{D2F04FF3-C9A5-45D5-9410-A02248736836}"
EndProject
Global
	GlobalSection(SolutionConfigurationPlatforms) = preSolution
		Debug|Any CPU = Debug|Any CPU
		Release|Any CPU = Release|Any CPU
	EndGlobalSection
	GlobalSection(ProjectConfigurationPlatforms) = postSolution
		{262DA204-7413-4EC9-82A7-F3ECE58DDEB5}.Debug|Any CPU.ActiveCfg = Debug|Any CPU
		{262DA204-7413-4EC9-82A7-F3ECE58DDEB5}.Debug|Any CPU.Build.0 = Debug|Any CPU
		{262DA204-7413-4EC9-82A7-F3ECE58DDEB5}.Release|Any CPU.ActiveCfg = Release|Any CPU
		{262DA204-7413-4EC9-82A7-F3ECE58DDEB5}.Release|Any CPU.Build.0 = Release|Any CPU
		{D2F04FF3-C9A5-45D5-9410-A02248736836}.Debug|Any CPU.ActiveCfg = Debug|Any CPU
		{D2F04FF3-C9A5-45D5-9410-A02248736836}.Debug|Any CPU.Build.0 = Debug|Any CPU
		{D2F04FF3-C9A5-45D5-9410-A02248736836}.Release|Any CPU.ActiveCfg = Release|Any CPU
		{D2F04FF3-C9A5-45D5-9410-A02248736836}.Release|Any CPU.Build.0 = Release|Any CPU
	EndGlobalSection
	GlobalSection(SolutionProperties) = preSolution
		HideSolutionNode = FALSE
	EndGlobalSection
EndGlobal
